
Microsoft Visual Studio Solution File, Format Version 12.00
# Visual Studio Version 17
VisualStudioVersion = 17.3.32922.545
MinimumVisualStudioVersion = 10.0.40219.1
Project("{FAE04EC0-301F-11D3-BF4B-00C04F79EFBC}") = "Assignment03", "Assignment03\Assignment03.csproj", "{777A842D-39F7-4075-B571-E2E2FA6B6C4E}"
EndProject
Global
	GlobalSection(SolutionConfigurationPlatforms) = preSolution
		Debug|Any CPU = Debug|Any CPU
		Release|Any CPU = Release|Any CPU
	EndGlobalSection
	GlobalSection(ProjectConfigurationPlatforms) = postSolution
		{777A842D-39F7-4075-B571-E2E2FA6B6C4E}.Debug|Any CPU.ActiveCfg = Debug|Any CPU
		{777A842D-39F7-4075-B571-E2E2FA6B6C4E}.Debug|Any CPU.Build.0 = Debug|Any CPU
		{777A842D-39F7-4075-B571-E2E2FA6B6C4E}.Release|Any CPU.ActiveCfg = Release|Any CPU
		{777A842D-39F7-4075-B571-E2E2FA6B6C4E}.Release|Any CPU.Build.0 = Release|Any CPU
	EndGlobalSection
	GlobalSection(SolutionProperties) = preSolution
		HideSolutionNode = FALSE
	EndGlobalSection
	GlobalSection(ExtensibilityGlobals) = postSolution
		SolutionGuid = {68ABD88F-B0A5-4C21-985C-2AA582119F90}
	EndGlobalSection
EndGlobal
